
Microsoft Visual Studio Solution File, Format Version 12.00
# Visual Studio Version 17
VisualStudioVersion = 17.0.31903.59
MinimumVisualStudioVersion = 10.0.40219.1
Project("{2150E333-8FDC-42A3-9474-1A3956D46DE8}") = "src", "src", "{855838EC-88D4-46F4-A53E-053CEC0E530D}"
EndProject
Project("{FAE04EC0-301F-11D3-BF4B-00C04F79EFBC}") = "PMP.Api", "src\PMP.Api\PMP.Api.csproj", "{0DEDF61D-D0CE-4879-9CEE-745B4626247C}"
EndProject
Project("{FAE04EC0-301F-11D3-BF4B-00C04F79EFBC}") = "PMP.Shared", "src\PMP.Shared\PMP.Shared.csproj", "{CC09C832-CF7B-4A37-8319-A7D523C42454}"
EndProject
Project("{FAE04EC0-301F-11D3-BF4B-00C04F79EFBC}") = "PMP.Modules.Auth", "src\PMP.Modules.Auth\PMP.Modules.Auth.csproj", "{E802D6A3-EEC2-4AFE-885A-F13DFDB8005C}"
EndProject
Project("{FAE04EC0-301F-11D3-BF4B-00C04F79EFBC}") = "PMP.Modules.Property", "src\PMP.Modules.Property\PMP.Modules.Property.csproj", "{6349FB42-F747-4FB1-81C0-463935258794}"
EndProject
Project("{FAE04EC0-301F-11D3-BF4B-00C04F79EFBC}") = "PMP.Modules.Resident", "src\PMP.Modules.Resident\PMP.Modules.Resident.csproj", "{A4085233-20CB-4357-9EE8-57E6E62C60F1}"
EndProject
Project("{FAE04EC0-301F-11D3-BF4B-00C04F79EFBC}") = "PMP.Modules.Maintenance", "src\PMP.Modules.Maintenance\PMP.Modules.Maintenance.csproj", "{9B7166C0-B67C-457B-A79D-46E11B44AA03}"
EndProject
Project("{2150E333-8FDC-42A3-9474-1A3956D46DE8}") = "tests", "tests", "{537F2FA6-3176-4D65-879C-58EBBFFB7FCA}"
EndProject
Project("{FAE04EC0-301F-11D3-BF4B-00C04F79EFBC}") = "PMP.Tests", "tests\PMP.Tests\PMP.Tests.csproj", "{46D54F0F-4997-4DF9-9C90-61043C22549C}"
EndProject
Global
	GlobalSection(SolutionConfigurationPlatforms) = preSolution
		Debug|Any CPU = Debug|Any CPU
		Release|Any CPU = Release|Any CPU
	EndGlobalSection
	GlobalSection(SolutionProperties) = preSolution
		HideSolutionNode = FALSE
	EndGlobalSection
	GlobalSection(ProjectConfigurationPlatforms) = postSolution
		{0DEDF61D-D0CE-4879-9CEE-745B4626247C}.Debug|Any CPU.ActiveCfg = Debug|Any CPU
		{0DEDF61D-D0CE-4879-9CEE-745B4626247C}.Debug|Any CPU.Build.0 = Debug|Any CPU
		{0DEDF61D-D0CE-4879-9CEE-745B4626247C}.Release|Any CPU.ActiveCfg = Release|Any CPU
		{0DEDF61D-D0CE-4879-9CEE-745B4626247C}.Release|Any CPU.Build.0 = Release|Any CPU
		{CC09C832-CF7B-4A37-8319-A7D523C42454}.Debug|Any CPU.ActiveCfg = Debug|Any CPU
		{CC09C832-CF7B-4A37-8319-A7D523C42454}.Debug|Any CPU.Build.0 = Debug|Any CPU
		{CC09C832-CF7B-4A37-8319-A7D523C42454}.Release|Any CPU.ActiveCfg = Release|Any CPU
		{CC09C832-CF7B-4A37-8319-A7D523C42454}.Release|Any CPU.Build.0 = Release|Any CPU
		{E802D6A3-EEC2-4AFE-885A-F13DFDB8005C}.Debug|Any CPU.ActiveCfg = Debug|Any CPU
		{E802D6A3-EEC2-4AFE-885A-F13DFDB8005C}.Debug|Any CPU.Build.0 = Debug|Any CPU
		{E802D6A3-EEC2-4AFE-885A-F13DFDB8005C}.Release|Any CPU.ActiveCfg = Release|Any CPU
		{E802D6A3-EEC2-4AFE-885A-F13DFDB8005C}.Release|Any CPU.Build.0 = Release|Any CPU
		{6349FB42-F747-4FB1-81C0-463935258794}.Debug|Any CPU.ActiveCfg = Debug|Any CPU
		{6349FB42-F747-4FB1-81C0-463935258794}.Debug|Any CPU.Build.0 = Debug|Any CPU
		{6349FB42-F747-4FB1-81C0-463935258794}.Release|Any CPU.ActiveCfg = Release|Any CPU
		{6349FB42-F747-4FB1-81C0-463935258794}.Release|Any CPU.Build.0 = Release|Any CPU
		{A4085233-20CB-4357-9EE8-57E6E62C60F1}.Debug|Any CPU.ActiveCfg = Debug|Any CPU
		{A4085233-20CB-4357-9EE8-57E6E62C60F1}.Debug|Any CPU.Build.0 = Debug|Any CPU
		{A4085233-20CB-4357-9EE8-57E6E62C60F1}.Release|Any CPU.ActiveCfg = Release|Any CPU
		{A4085233-20CB-4357-9EE8-57E6E62C60F1}.Release|Any CPU.Build.0 = Release|Any CPU
		{9B7166C0-B67C-457B-A79D-46E11B44AA03}.Debug|Any CPU.ActiveCfg = Debug|Any CPU
		{9B7166C0-B67C-457B-A79D-46E11B44AA03}.Debug|Any CPU.Build.0 = Debug|Any CPU
		{9B7166C0-B67C-457B-A79D-46E11B44AA03}.Release|Any CPU.ActiveCfg = Release|Any CPU
		{9B7166C0-B67C-457B-A79D-46E11B44AA03}.Release|Any CPU.Build.0 = Release|Any CPU
		{46D54F0F-4997-4DF9-9C90-61043C22549C}.Debug|Any CPU.ActiveCfg = Debug|Any CPU
		{46D54F0F-4997-4DF9-9C90-61043C22549C}.Debug|Any CPU.Build.0 = Debug|Any CPU
		{46D54F0F-4997-4DF9-9C90-61043C22549C}.Release|Any CPU.ActiveCfg = Release|Any CPU
		{46D54F0F-4997-4DF9-9C90-61043C22549C}.Release|Any CPU.Build.0 = Release|Any CPU
	EndGlobalSection
	GlobalSection(NestedProjects) = preSolution
		{0DEDF61D-D0CE-4879-9CEE-745B4626247C} = {855838EC-88D4-46F4-A53E-053CEC0E530D}
		{CC09C832-CF7B-4A37-8319-A7D523C42454} = {855838EC-88D4-46F4-A53E-053CEC0E530D}
		{E802D6A3-EEC2-4AFE-885A-F13DFDB8005C} = {855838EC-88D4-46F4-A53E-053CEC0E530D}
		{6349FB42-F747-4FB1-81C0-463935258794} = {855838EC-88D4-46F4-A53E-053CEC0E530D}
		{A4085233-20CB-4357-9EE8-57E6E62C60F1} = {855838EC-88D4-46F4-A53E-053CEC0E530D}
		{9B7166C0-B67C-457B-A79D-46E11B44AA03} = {855838EC-88D4-46F4-A53E-053CEC0E530D}
		{46D54F0F-4997-4DF9-9C90-61043C22549C} = {537F2FA6-3176-4D65-879C-58EBBFFB7FCA}
	EndGlobalSection
EndGlobal
